// !$*UTF8*$!
{
	archiveVersion = 1;
	classes = {
	};
	objectVersion = 56;
	objects = {

/* Begin PBXBuildFile section */
		DC1ECB7329CE68F70061A670 /* AppDelegate.swift in Sources */ = {isa = PBXBuildFile; fileRef = DC1ECB7229CE68F70061A670 /* AppDelegate.swift */; };
		DC1ECB7529CE68F70061A670 /* SceneDelegate.swift in Sources */ = {isa = PBXBuildFile; fileRef = DC1ECB7429CE68F70061A670 /* SceneDelegate.swift */; };
		DC1ECB7729CE68F70061A670 /* MainViewController.swift in Sources */ = {isa = PBXBuildFile; fileRef = DC1ECB7629CE68F70061A670 /* MainViewController.swift */; };
		DC1ECB7C29CE68F90061A670 /* Assets.xcassets in Resources */ = {isa = PBXBuildFile; fileRef = DC1ECB7B29CE68F90061A670 /* Assets.xcassets */; };
		DC1ECB7F29CE68F90061A670 /* LaunchScreen.storyboard in Resources */ = {isa = PBXBuildFile; fileRef = DC1ECB7D29CE68F90061A670 /* LaunchScreen.storyboard */; };
		DC1ECB8929CF2C710061A670 /* ResultViewController.swift in Sources */ = {isa = PBXBuildFile; fileRef = DC1ECB8829CF2C710061A670 /* ResultViewController.swift */; };
		DC1ECB8C29CF31350061A670 /* UIColor.swift in Sources */ = {isa = PBXBuildFile; fileRef = DC1ECB8B29CF31350061A670 /* UIColor.swift */; };
		DC1ECB8F29CF32B30061A670 /* ResultTableViewCell.swift in Sources */ = {isa = PBXBuildFile; fileRef = DC1ECB8E29CF32B30061A670 /* ResultTableViewCell.swift */; };
		DC1ECB9729CF76870061A670 /* CustomTextField.swift in Sources */ = {isa = PBXBuildFile; fileRef = DC1ECB9629CF76870061A670 /* CustomTextField.swift */; };
		DC1ECB9A29CF7E920061A670 /* MainViewModel.swift in Sources */ = {isa = PBXBuildFile; fileRef = DC1ECB9929CF7E920061A670 /* MainViewModel.swift */; };
/* End PBXBuildFile section */

/* Begin PBXFileReference section */
		DC1ECB6F29CE68F70061A670 /* Holerite.app */ = {isa = PBXFileReference; explicitFileType = wrapper.application; includeInIndex = 0; path = Holerite.app; sourceTree = BUILT_PRODUCTS_DIR; };
		DC1ECB7229CE68F70061A670 /* AppDelegate.swift */ = {isa = PBXFileReference; lastKnownFileType = sourcecode.swift; path = AppDelegate.swift; sourceTree = "<group>"; };
		DC1ECB7429CE68F70061A670 /* SceneDelegate.swift */ = {isa = PBXFileReference; lastKnownFileType = sourcecode.swift; path = SceneDelegate.swift; sourceTree = "<group>"; };
		DC1ECB7629CE68F70061A670 /* MainViewController.swift */ = {isa = PBXFileReference; lastKnownFileType = sourcecode.swift; path = MainViewController.swift; sourceTree = "<group>"; };
		DC1ECB7B29CE68F90061A670 /* Assets.xcassets */ = {isa = PBXFileReference; lastKnownFileType = folder.assetcatalog; path = Assets.xcassets; sourceTree = "<group>"; };
		DC1ECB7E29CE68F90061A670 /* Base */ = {isa = PBXFileReference; lastKnownFileType = file.storyboard; name = Base; path = Base.lproj/LaunchScreen.storyboard; sourceTree = "<group>"; };
		DC1ECB8029CE68F90061A670 /* Info.plist */ = {isa = PBXFileReference; lastKnownFileType = text.plist.xml; path = Info.plist; sourceTree = "<group>"; };
		DC1ECB8829CF2C710061A670 /* ResultViewController.swift */ = {isa = PBXFileReference; lastKnownFileType = sourcecode.swift; path = ResultViewController.swift; sourceTree = "<group>"; };
		DC1ECB8B29CF31350061A670 /* UIColor.swift */ = {isa = PBXFileReference; lastKnownFileType = sourcecode.swift; path = UIColor.swift; sourceTree = "<group>"; };
		DC1ECB8E29CF32B30061A670 /* ResultTableViewCell.swift */ = {isa = PBXFileReference; lastKnownFileType = sourcecode.swift; path = ResultTableViewCell.swift; sourceTree = "<group>"; };
		DC1ECB9629CF76870061A670 /* CustomTextField.swift */ = {isa = PBXFileReference; lastKnownFileType = sourcecode.swift; path = CustomTextField.swift; sourceTree = "<group>"; };
		DC1ECB9929CF7E920061A670 /* MainViewModel.swift */ = {isa = PBXFileReference; lastKnownFileType = sourcecode.swift; path = MainViewModel.swift; sourceTree = "<group>"; };
/* End PBXFileReference section */

/* Begin PBXFrameworksBuildPhase section */
		DC1ECB6C29CE68F70061A670 /* Frameworks */ = {
			isa = PBXFrameworksBuildPhase;
			buildActionMask = 2147483647;
			files = (
			);
			runOnlyForDeploymentPostprocessing = 0;
		};
/* End PBXFrameworksBuildPhase section */

/* Begin PBXGroup section */
		DC1ECB6629CE68F60061A670 = {
			isa = PBXGroup;
			children = (
				DC1ECB7129CE68F70061A670 /* Holerite */,
				DC1ECB7029CE68F70061A670 /* Products */,
			);
			sourceTree = "<group>";
		};
		DC1ECB7029CE68F70061A670 /* Products */ = {
			isa = PBXGroup;
			children = (
				DC1ECB6F29CE68F70061A670 /* Holerite.app */,
			);
			name = Products;
			sourceTree = "<group>";
		};
		DC1ECB7129CE68F70061A670 /* Holerite */ = {
			isa = PBXGroup;
			children = (
				DC1ECB9529CF766A0061A670 /* Kit */,
				DC1ECB8A29CF31270061A670 /* Extensions */,
				DC1ECB8729CF2C4A0061A670 /* Result */,
				DC1ECB8629CF2C3D0061A670 /* Main */,
				DC1ECB7229CE68F70061A670 /* AppDelegate.swift */,
				DC1ECB7429CE68F70061A670 /* SceneDelegate.swift */,
				DC1ECB7B29CE68F90061A670 /* Assets.xcassets */,
				DC1ECB7D29CE68F90061A670 /* LaunchScreen.storyboard */,
				DC1ECB8029CE68F90061A670 /* Info.plist */,
			);
			path = Holerite;
			sourceTree = "<group>";
		};
		DC1ECB8629CF2C3D0061A670 /* Main */ = {
			isa = PBXGroup;
			children = (
				DC1ECB9829CF7E840061A670 /* ViewModel */,
				DC1ECB7629CE68F70061A670 /* MainViewController.swift */,
			);
			path = Main;
			sourceTree = "<group>";
		};
		DC1ECB8729CF2C4A0061A670 /* Result */ = {
			isa = PBXGroup;
			children = (
				DC1ECB8D29CF32A10061A670 /* Cell */,
				DC1ECB8829CF2C710061A670 /* ResultViewController.swift */,
			);
			path = Result;
			sourceTree = "<group>";
		};
		DC1ECB8A29CF31270061A670 /* Extensions */ = {
			isa = PBXGroup;
			children = (
				DC1ECB8B29CF31350061A670 /* UIColor.swift */,
			);
			path = Extensions;
			sourceTree = "<group>";
		};
		DC1ECB8D29CF32A10061A670 /* Cell */ = {
			isa = PBXGroup;
			children = (
				DC1ECB8E29CF32B30061A670 /* ResultTableViewCell.swift */,
			);
			path = Cell;
			sourceTree = "<group>";
		};
		DC1ECB9529CF766A0061A670 /* Kit */ = {
			isa = PBXGroup;
			children = (
				DC1ECB9629CF76870061A670 /* CustomTextField.swift */,
			);
			path = Kit;
			sourceTree = "<group>";
		};
		DC1ECB9829CF7E840061A670 /* ViewModel */ = {
			isa = PBXGroup;
			children = (
				DC1ECB9929CF7E920061A670 /* MainViewModel.swift */,
			);
			path = ViewModel;
			sourceTree = "<group>";
		};
/* End PBXGroup section */

/* Begin PBXNativeTarget section */
		DC1ECB6E29CE68F70061A670 /* Holerite */ = {
			isa = PBXNativeTarget;
			buildConfigurationList = DC1ECB8329CE68F90061A670 /* Build configuration list for PBXNativeTarget "Holerite" */;
			buildPhases = (
				DC1ECB6B29CE68F70061A670 /* Sources */,
				DC1ECB6C29CE68F70061A670 /* Frameworks */,
				DC1ECB6D29CE68F70061A670 /* Resources */,
			);
			buildRules = (
			);
			dependencies = (
			);
			name = Holerite;
			productName = Holerite;
			productReference = DC1ECB6F29CE68F70061A670 /* Holerite.app */;
			productType = "com.apple.product-type.application";
		};
/* End PBXNativeTarget section */

/* Begin PBXProject section */
		DC1ECB6729CE68F60061A670 /* Project object */ = {
			isa = PBXProject;
			attributes = {
				BuildIndependentTargetsInParallel = 1;
				LastSwiftUpdateCheck = 1410;
				LastUpgradeCheck = 1410;
				TargetAttributes = {
					DC1ECB6E29CE68F70061A670 = {
						CreatedOnToolsVersion = 14.1;
					};
				};
			};
			buildConfigurationList = DC1ECB6A29CE68F60061A670 /* Build configuration list for PBXProject "Holerite" */;
			compatibilityVersion = "Xcode 14.0";
			developmentRegion = en;
			hasScannedForEncodings = 0;
			knownRegions = (
				en,
				Base,
			);
			mainGroup = DC1ECB6629CE68F60061A670;
			productRefGroup = DC1ECB7029CE68F70061A670 /* Products */;
			projectDirPath = "";
			projectRoot = "";
			targets = (
				DC1ECB6E29CE68F70061A670 /* Holerite */,
			);
		};
/* End PBXProject section */

/* Begin PBXResourcesBuildPhase section */
		DC1ECB6D29CE68F70061A670 /* Resources */ = {
			isa = PBXResourcesBuildPhase;
			buildActionMask = 2147483647;
			files = (
				DC1ECB7F29CE68F90061A670 /* LaunchScreen.storyboard in Resources */,
				DC1ECB7C29CE68F90061A670 /* Assets.xcassets in Resources */,
			);
			runOnlyForDeploymentPostprocessing = 0;
		};
/* End PBXResourcesBuildPhase section */

/* Begin PBXSourcesBuildPhase section */
		DC1ECB6B29CE68F70061A670 /* Sources */ = {
			isa = PBXSourcesBuildPhase;
			buildActionMask = 2147483647;
			files = (
				DC1ECB9729CF76870061A670 /* CustomTextField.swift in Sources */,
				DC1ECB7729CE68F70061A670 /* MainViewController.swift in Sources */,
				DC1ECB7329CE68F70061A670 /* AppDelegate.swift in Sources */,
				DC1ECB7529CE68F70061A670 /* SceneDelegate.swift in Sources */,
				DC1ECB8929CF2C710061A670 /* ResultViewController.swift in Sources */,
				DC1ECB8F29CF32B30061A670 /* ResultTableViewCell.swift in Sources */,
				DC1ECB8C29CF31350061A670 /* UIColor.swift in Sources */,
				DC1ECB9A29CF7E920061A670 /* MainViewModel.swift in Sources */,
			);
			runOnlyForDeploymentPostprocessing = 0;
		};
/* End PBXSourcesBuildPhase section */

/* Begin PBXVariantGroup section */
		DC1ECB7D29CE68F90061A670 /* LaunchScreen.storyboard */ = {
			isa = PBXVariantGroup;
			children = (
				DC1ECB7E29CE68F90061A670 /* Base */,
			);
			name = LaunchScreen.storyboard;
			sourceTree = "<group>";
		};
/* End PBXVariantGroup section */

/* Begin XCBuildConfiguration section */
		DC1ECB8129CE68F90061A670 /* Debug */ = {
			isa = XCBuildConfiguration;
			buildSettings = {
				ALWAYS_SEARCH_USER_PATHS = NO;
				CLANG_ANALYZER_NONNULL = YES;
				CLANG_ANALYZER_NUMBER_OBJECT_CONVERSION = YES_AGGRESSIVE;
				CLANG_CXX_LANGUAGE_STANDARD = "gnu++20";
				CLANG_ENABLE_MODULES = YES;
				CLANG_ENABLE_OBJC_ARC = YES;
				CLANG_ENABLE_OBJC_WEAK = YES;
				CLANG_WARN_BLOCK_CAPTURE_AUTORELEASING = YES;
				CLANG_WARN_BOOL_CONVERSION = YES;
				CLANG_WARN_COMMA = YES;
				CLANG_WARN_CONSTANT_CONVERSION = YES;
				CLANG_WARN_DEPRECATED_OBJC_IMPLEMENTATIONS = YES;
				CLANG_WARN_DIRECT_OBJC_ISA_USAGE = YES_ERROR;
				CLANG_WARN_DOCUMENTATION_COMMENTS = YES;
				CLANG_WARN_EMPTY_BODY = YES;
				CLANG_WARN_ENUM_CONVERSION = YES;
				CLANG_WARN_INFINITE_RECURSION = YES;
				CLANG_WARN_INT_CONVERSION = YES;
				CLANG_WARN_NON_LITERAL_NULL_CONVERSION = YES;
				CLANG_WARN_OBJC_IMPLICIT_RETAIN_SELF = YES;
				CLANG_WARN_OBJC_LITERAL_CONVERSION = YES;
				CLANG_WARN_OBJC_ROOT_CLASS = YES_ERROR;
				CLANG_WARN_QUOTED_INCLUDE_IN_FRAMEWORK_HEADER = YES;
				CLANG_WARN_RANGE_LOOP_ANALYSIS = YES;
				CLANG_WARN_STRICT_PROTOTYPES = YES;
				CLANG_WARN_SUSPICIOUS_MOVE = YES;
				CLANG_WARN_UNGUARDED_AVAILABILITY = YES_AGGRESSIVE;
				CLANG_WARN_UNREACHABLE_CODE = YES;
				CLANG_WARN__DUPLICATE_METHOD_MATCH = YES;
				COPY_PHASE_STRIP = NO;
				DEBUG_INFORMATION_FORMAT = dwarf;
				ENABLE_STRICT_OBJC_MSGSEND = YES;
				ENABLE_TESTABILITY = YES;
				GCC_C_LANGUAGE_STANDARD = gnu11;
				GCC_DYNAMIC_NO_PIC = NO;
				GCC_NO_COMMON_BLOCKS = YES;
				GCC_OPTIMIZATION_LEVEL = 0;
				GCC_PREPROCESSOR_DEFINITIONS = (
					"DEBUG=1",
					"$(inherited)",
				);
				GCC_WARN_64_TO_32_BIT_CONVERSION = YES;
				GCC_WARN_ABOUT_RETURN_TYPE = YES_ERROR;
				GCC_WARN_UNDECLARED_SELECTOR = YES;
				GCC_WARN_UNINITIALIZED_AUTOS = YES_AGGRESSIVE;
				GCC_WARN_UNUSED_FUNCTION = YES;
				GCC_WARN_UNUSED_VARIABLE = YES;
				IPHONEOS_DEPLOYMENT_TARGET = 16.1;
				MTL_ENABLE_DEBUG_INFO = INCLUDE_SOURCE;
				MTL_FAST_MATH = YES;
				ONLY_ACTIVE_ARCH = YES;
				SDKROOT = iphoneos;
				SWIFT_ACTIVE_COMPILATION_CONDITIONS = DEBUG;
				SWIFT_OPTIMIZATION_LEVEL = "-Onone";
			};
			name = Debug;
		};
		DC1ECB8229CE68F90061A670 /* Release */ = {
			isa = XCBuildConfiguration;
			buildSettings = {
				ALWAYS_SEARCH_USER_PATHS = NO;
				CLANG_ANALYZER_NONNULL = YES;
				CLANG_ANALYZER_NUMBER_OBJECT_CONVERSION = YES_AGGRESSIVE;
				CLANG_CXX_LANGUAGE_STANDARD = "gnu++20";
				CLANG_ENABLE_MODULES = YES;
				CLANG_ENABLE_OBJC_ARC = YES;
				CLANG_ENABLE_OBJC_WEAK = YES;
				CLANG_WARN_BLOCK_CAPTURE_AUTORELEASING = YES;
				CLANG_WARN_BOOL_CONVERSION = YES;
				CLANG_WARN_COMMA = YES;
				CLANG_WARN_CONSTANT_CONVERSION = YES;
				CLANG_WARN_DEPRECATED_OBJC_IMPLEMENTATIONS = YES;
				CLANG_WARN_DIRECT_OBJC_ISA_USAGE = YES_ERROR;
				CLANG_WARN_DOCUMENTATION_COMMENTS = YES;
				CLANG_WARN_EMPTY_BODY = YES;
				CLANG_WARN_ENUM_CONVERSION = YES;
				CLANG_WARN_INFINITE_RECURSION = YES;
				CLANG_WARN_INT_CONVERSION = YES;
				CLANG_WARN_NON_LITERAL_NULL_CONVERSION = YES;
				CLANG_WARN_OBJC_IMPLICIT_RETAIN_SELF = YES;
				CLANG_WARN_OBJC_LITERAL_CONVERSION = YES;
				CLANG_WARN_OBJC_ROOT_CLASS = YES_ERROR;
				CLANG_WARN_QUOTED_INCLUDE_IN_FRAMEWORK_HEADER = YES;
				CLANG_WARN_RANGE_LOOP_ANALYSIS = YES;
				CLANG_WARN_STRICT_PROTOTYPES = YES;
				CLANG_WARN_SUSPICIOUS_MOVE = YES;
				CLANG_WARN_UNGUARDED_AVAILABILITY = YES_AGGRESSIVE;
				CLANG_WARN_UNREACHABLE_CODE = YES;
				CLANG_WARN__DUPLICATE_METHOD_MATCH = YES;
				COPY_PHASE_STRIP = NO;
				DEBUG_INFORMATION_FORMAT = "dwarf-with-dsym";
				ENABLE_NS_ASSERTIONS = NO;
				ENABLE_STRICT_OBJC_MSGSEND = YES;
				GCC_C_LANGUAGE_STANDARD = gnu11;
				GCC_NO_COMMON_BLOCKS = YES;
				GCC_WARN_64_TO_32_BIT_CONVERSION = YES;
				GCC_WARN_ABOUT_RETURN_TYPE = YES_ERROR;
				GCC_WARN_UNDECLARED_SELECTOR = YES;
				GCC_WARN_UNINITIALIZED_AUTOS = YES_AGGRESSIVE;
				GCC_WARN_UNUSED_FUNCTION = YES;
				GCC_WARN_UNUSED_VARIABLE = YES;
				IPHONEOS_DEPLOYMENT_TARGET = 16.1;
				MTL_ENABLE_DEBUG_INFO = NO;
				MTL_FAST_MATH = YES;
				SDKROOT = iphoneos;
				SWIFT_COMPILATION_MODE = wholemodule;
				SWIFT_OPTIMIZATION_LEVEL = "-O";
				VALIDATE_PRODUCT = YES;
			};
			name = Release;
		};
		DC1ECB8429CE68F90061A670 /* Debug */ = {
			isa = XCBuildConfiguration;
			buildSettings = {
				ASSETCATALOG_COMPILER_APPICON_NAME = AppIcon;
				ASSETCATALOG_COMPILER_GLOBAL_ACCENT_COLOR_NAME = AccentColor;
				CODE_SIGN_STYLE = Automatic;
				CURRENT_PROJECT_VERSION = 1;
				GENERATE_INFOPLIST_FILE = YES;
				INFOPLIST_FILE = Holerite/Info.plist;
				INFOPLIST_KEY_UIApplicationSupportsIndirectInputEvents = YES;
				INFOPLIST_KEY_UILaunchStoryboardName = LaunchScreen;
				INFOPLIST_KEY_UIStatusBarStyle = "";
				INFOPLIST_KEY_UISupportedInterfaceOrientations_iPad = "UIInterfaceOrientationPortrait UIInterfaceOrientationPortraitUpsideDown UIInterfaceOrientationLandscapeLeft UIInterfaceOrientationLandscapeRight";
				INFOPLIST_KEY_UISupportedInterfaceOrientations_iPhone = "UIInterfaceOrientationPortrait UIInterfaceOrientationLandscapeLeft UIInterfaceOrientationLandscapeRight";
				LD_RUNPATH_SEARCH_PATHS = (
					"$(inherited)",
					"@executable_path/Frameworks",
				);
				MARKETING_VERSION = 1.0;
				PRODUCT_BUNDLE_IDENTIFIER = com.Holerite;
				PRODUCT_NAME = "$(TARGET_NAME)";
				SWIFT_EMIT_LOC_STRINGS = YES;
				SWIFT_VERSION = 5.0;
				TARGETED_DEVICE_FAMILY = "1,2";
			};
			name = Debug;
		};
		DC1ECB8529CE68F90061A670 /* Release */ = {
			isa = XCBuildConfiguration;
			buildSettings = {
				ASSETCATALOG_COMPILER_APPICON_NAME = AppIcon;
				ASSETCATALOG_COMPILER_GLOBAL_ACCENT_COLOR_NAME = AccentColor;
				CODE_SIGN_STYLE = Automatic;
				CURRENT_PROJECT_VERSION = 1;
				GENERATE_INFOPLIST_FILE = YES;
				INFOPLIST_FILE = Holerite/Info.plist;
				INFOPLIST_KEY_UIApplicationSupportsIndirectInputEvents = YES;
				INFOPLIST_KEY_UILaunchStoryboardName = LaunchScreen;
				INFOPLIST_KEY_UIStatusBarStyle = "";
				INFOPLIST_KEY_UISupportedInterfaceOrientations_iPad = "UIInterfaceOrientationPortrait UIInterfaceOrientationPortraitUpsideDown UIInterfaceOrientationLandscapeLeft UIInterfaceOrientationLandscapeRight";
				INFOPLIST_KEY_UISupportedInterfaceOrientations_iPhone = "UIInterfaceOrientationPortrait UIInterfaceOrientationLandscapeLeft UIInterfaceOrientationLandscapeRight";
				LD_RUNPATH_SEARCH_PATHS = (
					"$(inherited)",
					"@executable_path/Frameworks",
				);
				MARKETING_VERSION = 1.0;
				PRODUCT_BUNDLE_IDENTIFIER = com.Holerite;
				PRODUCT_NAME = "$(TARGET_NAME)";
				SWIFT_EMIT_LOC_STRINGS = YES;
				SWIFT_VERSION = 5.0;
				TARGETED_DEVICE_FAMILY = "1,2";
			};
			name = Release;
		};
/* End XCBuildConfiguration section */

/* Begin XCConfigurationList section */
		DC1ECB6A29CE68F60061A670 /* Build configuration list for PBXProject "Holerite" */ = {
			isa = XCConfigurationList;
			buildConfigurations = (
				DC1ECB8129CE68F90061A670 /* Debug */,
				DC1ECB8229CE68F90061A670 /* Release */,
			);
			defaultConfigurationIsVisible = 0;
			defaultConfigurationName = Release;
		};
		DC1ECB8329CE68F90061A670 /* Build configuration list for PBXNativeTarget "Holerite" */ = {
			isa = XCConfigurationList;
			buildConfigurations = (
				DC1ECB8429CE68F90061A670 /* Debug */,
				DC1ECB8529CE68F90061A670 /* Release */,
			);
			defaultConfigurationIsVisible = 0;
			defaultConfigurationName = Release;
		};
/* End XCConfigurationList section */
	};
	rootObject = DC1ECB6729CE68F60061A670 /* Project object */;
}
